// !$*UTF8*$!
{
	archiveVersion = 1;
	classes = {
	};
	objectVersion = 50;
	objects = {

/* Begin PBXBuildFile section */
		98FB840AD7B45FA601A64E5C /* Pods_ReEncryptHealth.framework in Frameworks */ = {isa = PBXBuildFile; fileRef = 38443770FE9736410A1A1608 /* Pods_ReEncryptHealth.framework */; };
		E20DEF08216775DF00CA492E /* AppDelegate.swift in Sources */ = {isa = PBXBuildFile; fileRef = E20DEF07216775DF00CA492E /* AppDelegate.swift */; };
		E20DEF0A216775DF00CA492E /* StartViewController.swift in Sources */ = {isa = PBXBuildFile; fileRef = E20DEF09216775DF00CA492E /* StartViewController.swift */; };
		E20DEF0D216775DF00CA492E /* Main.storyboard in Resources */ = {isa = PBXBuildFile; fileRef = E20DEF0B216775DF00CA492E /* Main.storyboard */; };
		E20DEF0F216775E000CA492E /* Assets.xcassets in Resources */ = {isa = PBXBuildFile; fileRef = E20DEF0E216775E000CA492E /* Assets.xcassets */; };
		E20DEF12216775E000CA492E /* LaunchScreen.storyboard in Resources */ = {isa = PBXBuildFile; fileRef = E20DEF10216775E000CA492E /* LaunchScreen.storyboard */; };
		E20DEF1D21677C4B00CA492E /* BloodType.swift in Sources */ = {isa = PBXBuildFile; fileRef = E20DEF1C21677C4B00CA492E /* BloodType.swift */; };
		E20DEF1F21677C7500CA492E /* BiologicalSex.swift in Sources */ = {isa = PBXBuildFile; fileRef = E20DEF1E21677C7500CA492E /* BiologicalSex.swift */; };
		E20DEF2221677CAB00CA492E /* UserData.swift in Sources */ = {isa = PBXBuildFile; fileRef = E20DEF2121677CAB00CA492E /* UserData.swift */; };
		E20DEF2421677CD100CA492E /* SetupAssistant.swift in Sources */ = {isa = PBXBuildFile; fileRef = E20DEF2321677CD100CA492E /* SetupAssistant.swift */; };
		E20DEF2621677ECF00CA492E /* UserViewController.swift in Sources */ = {isa = PBXBuildFile; fileRef = E20DEF2521677ECF00CA492E /* UserViewController.swift */; };
		E20DEF2821677F0D00CA492E /* UserProfile.swift in Sources */ = {isa = PBXBuildFile; fileRef = E20DEF2721677F0D00CA492E /* UserProfile.swift */; };
		E20DEF2B21677FB100CA492E /* HealthKit.framework in Frameworks */ = {isa = PBXBuildFile; fileRef = E20DEF2A21677FB100CA492E /* HealthKit.framework */; };
		E2261BB42168696B005F17E6 /* SendViewController.swift in Sources */ = {isa = PBXBuildFile; fileRef = E2261BB32168696B005F17E6 /* SendViewController.swift */; };
		E2261BB621686C67005F17E6 /* DecryptViewController.swift in Sources */ = {isa = PBXBuildFile; fileRef = E2261BB521686C67005F17E6 /* DecryptViewController.swift */; };
		E2261E01216E243D005F17E6 /* UmbralService.swift in Sources */ = {isa = PBXBuildFile; fileRef = E2261E00216E243D005F17E6 /* UmbralService.swift */; };
		E2261E25216F89BA005F17E6 /* Reencapsulator.swift in Sources */ = {isa = PBXBuildFile; fileRef = E2261E1B216F89BA005F17E6 /* Reencapsulator.swift */; };
		E2261E26216F89BA005F17E6 /* Capsule.swift in Sources */ = {isa = PBXBuildFile; fileRef = E2261E1C216F89BA005F17E6 /* Capsule.swift */; };
		E2261E27216F89BA005F17E6 /* Keys.swift in Sources */ = {isa = PBXBuildFile; fileRef = E2261E1D216F89BA005F17E6 /* Keys.swift */; };
		E2261E28216F89BA005F17E6 /* CapsuleFragment.swift in Sources */ = {isa = PBXBuildFile; fileRef = E2261E1E216F89BA005F17E6 /* CapsuleFragment.swift */; };
		E2261E29216F89BA005F17E6 /* Params.swift in Sources */ = {isa = PBXBuildFile; fileRef = E2261E1F216F89BA005F17E6 /* Params.swift */; };
		E2261E2A216F89BA005F17E6 /* ReKeyGen.swift in Sources */ = {isa = PBXBuildFile; fileRef = E2261E20216F89BA005F17E6 /* ReKeyGen.swift */; };
		E2261E2B216F89BA005F17E6 /* Fragments.swift in Sources */ = {isa = PBXBuildFile; fileRef = E2261E21216F89BA005F17E6 /* Fragments.swift */; };
		E2261E2C216F89BA005F17E6 /* Encapsulate.swift in Sources */ = {isa = PBXBuildFile; fileRef = E2261E22216F89BA005F17E6 /* Encapsulate.swift */; };
/* End PBXBuildFile section */

/* Begin PBXFileReference section */
		0C947F0E8598D25CFF817CBF /* Pods-ReEncryptHealth.debug.xcconfig */ = {isa = PBXFileReference; includeInIndex = 1; lastKnownFileType = text.xcconfig; name = "Pods-ReEncryptHealth.debug.xcconfig"; path = "Pods/Target Support Files/Pods-ReEncryptHealth/Pods-ReEncryptHealth.debug.xcconfig"; sourceTree = "<group>"; };
		38443770FE9736410A1A1608 /* Pods_ReEncryptHealth.framework */ = {isa = PBXFileReference; explicitFileType = wrapper.framework; includeInIndex = 0; path = Pods_ReEncryptHealth.framework; sourceTree = BUILT_PRODUCTS_DIR; };
		CDAA7F788D507AD49E8819F8 /* Pods-ReEncryptHealth.release.xcconfig */ = {isa = PBXFileReference; includeInIndex = 1; lastKnownFileType = text.xcconfig; name = "Pods-ReEncryptHealth.release.xcconfig"; path = "Pods/Target Support Files/Pods-ReEncryptHealth/Pods-ReEncryptHealth.release.xcconfig"; sourceTree = "<group>"; };
		E20DEF04216775DE00CA492E /* ReEncryptHealth.app */ = {isa = PBXFileReference; explicitFileType = wrapper.application; includeInIndex = 0; path = ReEncryptHealth.app; sourceTree = BUILT_PRODUCTS_DIR; };
		E20DEF07216775DF00CA492E /* AppDelegate.swift */ = {isa = PBXFileReference; lastKnownFileType = sourcecode.swift; path = AppDelegate.swift; sourceTree = "<group>"; };
		E20DEF09216775DF00CA492E /* StartViewController.swift */ = {isa = PBXFileReference; lastKnownFileType = sourcecode.swift; path = StartViewController.swift; sourceTree = "<group>"; };
		E20DEF0C216775DF00CA492E /* Base */ = {isa = PBXFileReference; lastKnownFileType = file.storyboard; name = Base; path = Base.lproj/Main.storyboard; sourceTree = "<group>"; };
		E20DEF0E216775E000CA492E /* Assets.xcassets */ = {isa = PBXFileReference; lastKnownFileType = folder.assetcatalog; path = Assets.xcassets; sourceTree = "<group>"; };
		E20DEF11216775E000CA492E /* Base */ = {isa = PBXFileReference; lastKnownFileType = file.storyboard; name = Base; path = Base.lproj/LaunchScreen.storyboard; sourceTree = "<group>"; };
		E20DEF13216775E000CA492E /* Info.plist */ = {isa = PBXFileReference; lastKnownFileType = text.plist.xml; path = Info.plist; sourceTree = "<group>"; };
		E20DEF1C21677C4B00CA492E /* BloodType.swift */ = {isa = PBXFileReference; lastKnownFileType = sourcecode.swift; path = BloodType.swift; sourceTree = "<group>"; };
		E20DEF1E21677C7500CA492E /* BiologicalSex.swift */ = {isa = PBXFileReference; lastKnownFileType = sourcecode.swift; path = BiologicalSex.swift; sourceTree = "<group>"; };
		E20DEF2121677CAB00CA492E /* UserData.swift */ = {isa = PBXFileReference; lastKnownFileType = sourcecode.swift; path = UserData.swift; sourceTree = "<group>"; };
		E20DEF2321677CD100CA492E /* SetupAssistant.swift */ = {isa = PBXFileReference; lastKnownFileType = sourcecode.swift; path = SetupAssistant.swift; sourceTree = "<group>"; };
		E20DEF2521677ECF00CA492E /* UserViewController.swift */ = {isa = PBXFileReference; lastKnownFileType = sourcecode.swift; path = UserViewController.swift; sourceTree = "<group>"; };
		E20DEF2721677F0D00CA492E /* UserProfile.swift */ = {isa = PBXFileReference; lastKnownFileType = sourcecode.swift; path = UserProfile.swift; sourceTree = "<group>"; };
		E20DEF2A21677FB100CA492E /* HealthKit.framework */ = {isa = PBXFileReference; lastKnownFileType = wrapper.framework; name = HealthKit.framework; path = System/Library/Frameworks/HealthKit.framework; sourceTree = SDKROOT; };
		E20DEF2C21677FB100CA492E /* ReEncryptHealth.entitlements */ = {isa = PBXFileReference; lastKnownFileType = text.plist.entitlements; path = ReEncryptHealth.entitlements; sourceTree = "<group>"; };
		E2261BB32168696B005F17E6 /* SendViewController.swift */ = {isa = PBXFileReference; lastKnownFileType = sourcecode.swift; path = SendViewController.swift; sourceTree = "<group>"; };
		E2261BB521686C67005F17E6 /* DecryptViewController.swift */ = {isa = PBXFileReference; lastKnownFileType = sourcecode.swift; path = DecryptViewController.swift; sourceTree = "<group>"; };
		E2261E00216E243D005F17E6 /* UmbralService.swift */ = {isa = PBXFileReference; lastKnownFileType = sourcecode.swift; path = UmbralService.swift; sourceTree = "<group>"; };
		E2261E1B216F89BA005F17E6 /* Reencapsulator.swift */ = {isa = PBXFileReference; fileEncoding = 4; lastKnownFileType = sourcecode.swift; path = Reencapsulator.swift; sourceTree = "<group>"; };
		E2261E1C216F89BA005F17E6 /* Capsule.swift */ = {isa = PBXFileReference; fileEncoding = 4; lastKnownFileType = sourcecode.swift; path = Capsule.swift; sourceTree = "<group>"; };
		E2261E1D216F89BA005F17E6 /* Keys.swift */ = {isa = PBXFileReference; fileEncoding = 4; lastKnownFileType = sourcecode.swift; path = Keys.swift; sourceTree = "<group>"; };
		E2261E1E216F89BA005F17E6 /* CapsuleFragment.swift */ = {isa = PBXFileReference; fileEncoding = 4; lastKnownFileType = sourcecode.swift; path = CapsuleFragment.swift; sourceTree = "<group>"; };
		E2261E1F216F89BA005F17E6 /* Params.swift */ = {isa = PBXFileReference; fileEncoding = 4; lastKnownFileType = sourcecode.swift; path = Params.swift; sourceTree = "<group>"; };
		E2261E20216F89BA005F17E6 /* ReKeyGen.swift */ = {isa = PBXFileReference; fileEncoding = 4; lastKnownFileType = sourcecode.swift; path = ReKeyGen.swift; sourceTree = "<group>"; };
		E2261E21216F89BA005F17E6 /* Fragments.swift */ = {isa = PBXFileReference; fileEncoding = 4; lastKnownFileType = sourcecode.swift; path = Fragments.swift; sourceTree = "<group>"; };
		E2261E22216F89BA005F17E6 /* Encapsulate.swift */ = {isa = PBXFileReference; fileEncoding = 4; lastKnownFileType = sourcecode.swift; path = Encapsulate.swift; sourceTree = "<group>"; };
/* End PBXFileReference section */

/* Begin PBXFrameworksBuildPhase section */
		E20DEF01216775DE00CA492E /* Frameworks */ = {
			isa = PBXFrameworksBuildPhase;
			buildActionMask = 2147483647;
			files = (
				E20DEF2B21677FB100CA492E /* HealthKit.framework in Frameworks */,
				98FB840AD7B45FA601A64E5C /* Pods_ReEncryptHealth.framework in Frameworks */,
			);
			runOnlyForDeploymentPostprocessing = 0;
		};
/* End PBXFrameworksBuildPhase section */

/* Begin PBXGroup section */
		2E576F299BC608F685724F7D /* Pods */ = {
			isa = PBXGroup;
			children = (
				0C947F0E8598D25CFF817CBF /* Pods-ReEncryptHealth.debug.xcconfig */,
				CDAA7F788D507AD49E8819F8 /* Pods-ReEncryptHealth.release.xcconfig */,
			);
			name = Pods;
			sourceTree = "<group>";
		};
		E20DEEFB216775DE00CA492E = {
			isa = PBXGroup;
			children = (
				E20DEF06216775DE00CA492E /* ReEncryptHealth */,
				E20DEF05216775DE00CA492E /* Products */,
				E20DEF2921677FB100CA492E /* Frameworks */,
				2E576F299BC608F685724F7D /* Pods */,
			);
			sourceTree = "<group>";
		};
		E20DEF05216775DE00CA492E /* Products */ = {
			isa = PBXGroup;
			children = (
				E20DEF04216775DE00CA492E /* ReEncryptHealth.app */,
			);
			name = Products;
			sourceTree = "<group>";
		};
		E20DEF06216775DE00CA492E /* ReEncryptHealth */ = {
			isa = PBXGroup;
			children = (
				E20DEF2C21677FB100CA492E /* ReEncryptHealth.entitlements */,
				E2261E18216F89BA005F17E6 /* SwiftUmbral */,
				E2261DFF216E241E005F17E6 /* Services */,
				E20DEF2021677C9B00CA492E /* Stores */,
				E20DEF1B2167765500CA492E /* HealthKit */,
				E20DEF1A2167764A00CA492E /* Models */,
				E20DEF192167763700CA492E /* ViewControllers */,
				E20DEF07216775DF00CA492E /* AppDelegate.swift */,
				E20DEF0B216775DF00CA492E /* Main.storyboard */,
				E20DEF0E216775E000CA492E /* Assets.xcassets */,
				E20DEF10216775E000CA492E /* LaunchScreen.storyboard */,
				E20DEF13216775E000CA492E /* Info.plist */,
			);
			path = ReEncryptHealth;
			sourceTree = "<group>";
		};
		E20DEF192167763700CA492E /* ViewControllers */ = {
			isa = PBXGroup;
			children = (
				E20DEF09216775DF00CA492E /* StartViewController.swift */,
				E20DEF2521677ECF00CA492E /* UserViewController.swift */,
				E2261BB32168696B005F17E6 /* SendViewController.swift */,
				E2261BB521686C67005F17E6 /* DecryptViewController.swift */,
			);
			path = ViewControllers;
			sourceTree = "<group>";
		};
		E20DEF1A2167764A00CA492E /* Models */ = {
			isa = PBXGroup;
			children = (
				E20DEF2721677F0D00CA492E /* UserProfile.swift */,
			);
			path = Models;
			sourceTree = "<group>";
		};
		E20DEF1B2167765500CA492E /* HealthKit */ = {
			isa = PBXGroup;
			children = (
				E20DEF1C21677C4B00CA492E /* BloodType.swift */,
				E20DEF1E21677C7500CA492E /* BiologicalSex.swift */,
				E20DEF2321677CD100CA492E /* SetupAssistant.swift */,
			);
			path = HealthKit;
			sourceTree = "<group>";
		};
		E20DEF2021677C9B00CA492E /* Stores */ = {
			isa = PBXGroup;
			children = (
				E20DEF2121677CAB00CA492E /* UserData.swift */,
			);
			path = Stores;
			sourceTree = "<group>";
		};
		E20DEF2921677FB100CA492E /* Frameworks */ = {
			isa = PBXGroup;
			children = (
				E20DEF2A21677FB100CA492E /* HealthKit.framework */,
				38443770FE9736410A1A1608 /* Pods_ReEncryptHealth.framework */,
			);
			name = Frameworks;
			sourceTree = "<group>";
		};
		E2261DFF216E241E005F17E6 /* Services */ = {
			isa = PBXGroup;
			children = (
				E2261E00216E243D005F17E6 /* UmbralService.swift */,
			);
			path = Services;
			sourceTree = "<group>";
		};
		E2261E18216F89BA005F17E6 /* SwiftUmbral */ = {
			isa = PBXGroup;
			children = (
				E2261E19216F89BA005F17E6 /* Classes */,
			);
			path = SwiftUmbral;
			sourceTree = "<group>";
		};
		E2261E19216F89BA005F17E6 /* Classes */ = {
			isa = PBXGroup;
			children = (
				E2261E1A216F89BA005F17E6 /* Umbral */,
			);
			path = Classes;
			sourceTree = "<group>";
		};
		E2261E1A216F89BA005F17E6 /* Umbral */ = {
			isa = PBXGroup;
			children = (
				E2261E1B216F89BA005F17E6 /* Reencapsulator.swift */,
				E2261E1C216F89BA005F17E6 /* Capsule.swift */,
				E2261E1D216F89BA005F17E6 /* Keys.swift */,
				E2261E1E216F89BA005F17E6 /* CapsuleFragment.swift */,
				E2261E1F216F89BA005F17E6 /* Params.swift */,
				E2261E20216F89BA005F17E6 /* ReKeyGen.swift */,
				E2261E21216F89BA005F17E6 /* Fragments.swift */,
				E2261E22216F89BA005F17E6 /* Encapsulate.swift */,
			);
			path = Umbral;
			sourceTree = "<group>";
		};
/* End PBXGroup section */

/* Begin PBXNativeTarget section */
		E20DEF03216775DE00CA492E /* ReEncryptHealth */ = {
			isa = PBXNativeTarget;
			buildConfigurationList = E20DEF16216775E000CA492E /* Build configuration list for PBXNativeTarget "ReEncryptHealth" */;
			buildPhases = (
				70F0FB6E54316C38653F4A0E /* [CP] Check Pods Manifest.lock */,
				E20DEF00216775DE00CA492E /* Sources */,
				E20DEF01216775DE00CA492E /* Frameworks */,
				E20DEF02216775DE00CA492E /* Resources */,
				95F53819D7A1B5FB26CA3B02 /* [CP] Embed Pods Frameworks */,
			);
			buildRules = (
			);
			dependencies = (
			);
			name = ReEncryptHealth;
			productName = ReEncryptHealth;
			productReference = E20DEF04216775DE00CA492E /* ReEncryptHealth.app */;
			productType = "com.apple.product-type.application";
		};
/* End PBXNativeTarget section */

/* Begin PBXProject section */
		E20DEEFC216775DE00CA492E /* Project object */ = {
			isa = PBXProject;
			attributes = {
				LastSwiftUpdateCheck = 1000;
				LastUpgradeCheck = 1000;
				ORGANIZATIONNAME = "Anton Grigorev";
				TargetAttributes = {
					E20DEF03216775DE00CA492E = {
						CreatedOnToolsVersion = 10.0;
						SystemCapabilities = {
							com.apple.HealthKit = {
								enabled = 1;
							};
						};
					};
				};
			};
			buildConfigurationList = E20DEEFF216775DE00CA492E /* Build configuration list for PBXProject "ReEncryptHealth" */;
			compatibilityVersion = "Xcode 9.3";
			developmentRegion = en;
			hasScannedForEncodings = 0;
			knownRegions = (
				en,
				Base,
			);
			mainGroup = E20DEEFB216775DE00CA492E;
			productRefGroup = E20DEF05216775DE00CA492E /* Products */;
			projectDirPath = "";
			projectRoot = "";
			targets = (
				E20DEF03216775DE00CA492E /* ReEncryptHealth */,
			);
		};
/* End PBXProject section */

/* Begin PBXResourcesBuildPhase section */
		E20DEF02216775DE00CA492E /* Resources */ = {
			isa = PBXResourcesBuildPhase;
			buildActionMask = 2147483647;
			files = (
				E20DEF12216775E000CA492E /* LaunchScreen.storyboard in Resources */,
				E20DEF0F216775E000CA492E /* Assets.xcassets in Resources */,
				E20DEF0D216775DF00CA492E /* Main.storyboard in Resources */,
			);
			runOnlyForDeploymentPostprocessing = 0;
		};
/* End PBXResourcesBuildPhase section */

/* Begin PBXShellScriptBuildPhase section */
		70F0FB6E54316C38653F4A0E /* [CP] Check Pods Manifest.lock */ = {
			isa = PBXShellScriptBuildPhase;
			buildActionMask = 2147483647;
			files = (
			);
			inputFileListPaths = (
			);
			inputPaths = (
				"${PODS_PODFILE_DIR_PATH}/Podfile.lock",
				"${PODS_ROOT}/Manifest.lock",
			);
			name = "[CP] Check Pods Manifest.lock";
			outputFileListPaths = (
			);
			outputPaths = (
				"$(DERIVED_FILE_DIR)/Pods-ReEncryptHealth-checkManifestLockResult.txt",
			);
			runOnlyForDeploymentPostprocessing = 0;
			shellPath = /bin/sh;
			shellScript = "diff \"${PODS_PODFILE_DIR_PATH}/Podfile.lock\" \"${PODS_ROOT}/Manifest.lock\" > /dev/null\nif [ $? != 0 ] ; then\n    # print error to STDERR\n    echo \"error: The sandbox is not in sync with the Podfile.lock. Run 'pod install' or update your CocoaPods installation.\" >&2\n    exit 1\nfi\n# This output is used by Xcode 'outputs' to avoid re-running this script phase.\necho \"SUCCESS\" > \"${SCRIPT_OUTPUT_FILE_0}\"\n";
			showEnvVarsInLog = 0;
		};
		95F53819D7A1B5FB26CA3B02 /* [CP] Embed Pods Frameworks */ = {
			isa = PBXShellScriptBuildPhase;
			buildActionMask = 2147483647;
			files = (
			);
			inputFileListPaths = (
			);
			inputPaths = (
				"${PODS_ROOT}/Target Support Files/Pods-ReEncryptHealth/Pods-ReEncryptHealth-frameworks.sh",
				"${BUILT_PRODUCTS_DIR}/BigInt/BigInt.framework",
				"${BUILT_PRODUCTS_DIR}/CryptoSwift/CryptoSwift.framework",
				"${BUILT_PRODUCTS_DIR}/EllipticSwift/EllipticSwift.framework",
				"${BUILT_PRODUCTS_DIR}/SipHash/SipHash.framework",
			);
			name = "[CP] Embed Pods Frameworks";
			outputFileListPaths = (
			);
			outputPaths = (
				"${TARGET_BUILD_DIR}/${FRAMEWORKS_FOLDER_PATH}/BigInt.framework",
				"${TARGET_BUILD_DIR}/${FRAMEWORKS_FOLDER_PATH}/CryptoSwift.framework",
				"${TARGET_BUILD_DIR}/${FRAMEWORKS_FOLDER_PATH}/EllipticSwift.framework",
				"${TARGET_BUILD_DIR}/${FRAMEWORKS_FOLDER_PATH}/SipHash.framework",
			);
			runOnlyForDeploymentPostprocessing = 0;
			shellPath = /bin/sh;
			shellScript = "\"${PODS_ROOT}/Target Support Files/Pods-ReEncryptHealth/Pods-ReEncryptHealth-frameworks.sh\"\n";
			showEnvVarsInLog = 0;
		};
/* End PBXShellScriptBuildPhase section */

/* Begin PBXSourcesBuildPhase section */
		E20DEF00216775DE00CA492E /* Sources */ = {
			isa = PBXSourcesBuildPhase;
			buildActionMask = 2147483647;
			files = (
				E20DEF2621677ECF00CA492E /* UserViewController.swift in Sources */,
				E2261E01216E243D005F17E6 /* UmbralService.swift in Sources */,
				E20DEF1D21677C4B00CA492E /* BloodType.swift in Sources */,
				E2261E2B216F89BA005F17E6 /* Fragments.swift in Sources */,
				E2261E25216F89BA005F17E6 /* Reencapsulator.swift in Sources */,
				E2261BB42168696B005F17E6 /* SendViewController.swift in Sources */,
				E20DEF0A216775DF00CA492E /* StartViewController.swift in Sources */,
				E2261E2A216F89BA005F17E6 /* ReKeyGen.swift in Sources */,
				E2261BB621686C67005F17E6 /* DecryptViewController.swift in Sources */,
				E20DEF2421677CD100CA492E /* SetupAssistant.swift in Sources */,
				E20DEF2821677F0D00CA492E /* UserProfile.swift in Sources */,
				E2261E28216F89BA005F17E6 /* CapsuleFragment.swift in Sources */,
				E20DEF08216775DF00CA492E /* AppDelegate.swift in Sources */,
				E2261E29216F89BA005F17E6 /* Params.swift in Sources */,
				E20DEF2221677CAB00CA492E /* UserData.swift in Sources */,
				E2261E2C216F89BA005F17E6 /* Encapsulate.swift in Sources */,
				E2261E27216F89BA005F17E6 /* Keys.swift in Sources */,
				E2261E26216F89BA005F17E6 /* Capsule.swift in Sources */,
				E20DEF1F21677C7500CA492E /* BiologicalSex.swift in Sources */,
			);
			runOnlyForDeploymentPostprocessing = 0;
		};
/* End PBXSourcesBuildPhase section */

/* Begin PBXVariantGroup section */
		E20DEF0B216775DF00CA492E /* Main.storyboard */ = {
			isa = PBXVariantGroup;
			children = (
				E20DEF0C216775DF00CA492E /* Base */,
			);
			name = Main.storyboard;
			sourceTree = "<group>";
		};
		E20DEF10216775E000CA492E /* LaunchScreen.storyboard */ = {
			isa = PBXVariantGroup;
			children = (
				E20DEF11216775E000CA492E /* Base */,
			);
			name = LaunchScreen.storyboard;
			sourceTree = "<group>";
		};
/* End PBXVariantGroup section */

/* Begin XCBuildConfiguration section */
		E20DEF14216775E000CA492E /* Debug */ = {
			isa = XCBuildConfiguration;
			buildSettings = {
				ALWAYS_SEARCH_USER_PATHS = NO;
				CLANG_ANALYZER_NONNULL = YES;
				CLANG_ANALYZER_NUMBER_OBJECT_CONVERSION = YES_AGGRESSIVE;
				CLANG_CXX_LANGUAGE_STANDARD = "gnu++14";
				CLANG_CXX_LIBRARY = "libc++";
				CLANG_ENABLE_MODULES = YES;
				CLANG_ENABLE_OBJC_ARC = YES;
				CLANG_ENABLE_OBJC_WEAK = YES;
				CLANG_WARN_BLOCK_CAPTURE_AUTORELEASING = YES;
				CLANG_WARN_BOOL_CONVERSION = YES;
				CLANG_WARN_COMMA = YES;
				CLANG_WARN_CONSTANT_CONVERSION = YES;
				CLANG_WARN_DEPRECATED_OBJC_IMPLEMENTATIONS = YES;
				CLANG_WARN_DIRECT_OBJC_ISA_USAGE = YES_ERROR;
				CLANG_WARN_DOCUMENTATION_COMMENTS = YES;
				CLANG_WARN_EMPTY_BODY = YES;
				CLANG_WARN_ENUM_CONVERSION = YES;
				CLANG_WARN_INFINITE_RECURSION = YES;
				CLANG_WARN_INT_CONVERSION = YES;
				CLANG_WARN_NON_LITERAL_NULL_CONVERSION = YES;
				CLANG_WARN_OBJC_IMPLICIT_RETAIN_SELF = YES;
				CLANG_WARN_OBJC_LITERAL_CONVERSION = YES;
				CLANG_WARN_OBJC_ROOT_CLASS = YES_ERROR;
				CLANG_WARN_RANGE_LOOP_ANALYSIS = YES;
				CLANG_WARN_STRICT_PROTOTYPES = YES;
				CLANG_WARN_SUSPICIOUS_MOVE = YES;
				CLANG_WARN_UNGUARDED_AVAILABILITY = YES_AGGRESSIVE;
				CLANG_WARN_UNREACHABLE_CODE = YES;
				CLANG_WARN__DUPLICATE_METHOD_MATCH = YES;
				CODE_SIGN_IDENTITY = "iPhone Developer";
				COPY_PHASE_STRIP = NO;
				DEBUG_INFORMATION_FORMAT = dwarf;
				ENABLE_STRICT_OBJC_MSGSEND = YES;
				ENABLE_TESTABILITY = YES;
				GCC_C_LANGUAGE_STANDARD = gnu11;
				GCC_DYNAMIC_NO_PIC = NO;
				GCC_NO_COMMON_BLOCKS = YES;
				GCC_OPTIMIZATION_LEVEL = 0;
				GCC_PREPROCESSOR_DEFINITIONS = (
					"DEBUG=1",
					"$(inherited)",
				);
				GCC_WARN_64_TO_32_BIT_CONVERSION = YES;
				GCC_WARN_ABOUT_RETURN_TYPE = YES_ERROR;
				GCC_WARN_UNDECLARED_SELECTOR = YES;
				GCC_WARN_UNINITIALIZED_AUTOS = YES_AGGRESSIVE;
				GCC_WARN_UNUSED_FUNCTION = YES;
				GCC_WARN_UNUSED_VARIABLE = YES;
				IPHONEOS_DEPLOYMENT_TARGET = 12.0;
				MTL_ENABLE_DEBUG_INFO = INCLUDE_SOURCE;
				MTL_FAST_MATH = YES;
				ONLY_ACTIVE_ARCH = YES;
				SDKROOT = iphoneos;
				SWIFT_ACTIVE_COMPILATION_CONDITIONS = DEBUG;
				SWIFT_OPTIMIZATION_LEVEL = "-Onone";
			};
			name = Debug;
		};
		E20DEF15216775E000CA492E /* Release */ = {
			isa = XCBuildConfiguration;
			buildSettings = {
				ALWAYS_SEARCH_USER_PATHS = NO;
				CLANG_ANALYZER_NONNULL = YES;
				CLANG_ANALYZER_NUMBER_OBJECT_CONVERSION = YES_AGGRESSIVE;
				CLANG_CXX_LANGUAGE_STANDARD = "gnu++14";
				CLANG_CXX_LIBRARY = "libc++";
				CLANG_ENABLE_MODULES = YES;
				CLANG_ENABLE_OBJC_ARC = YES;
				CLANG_ENABLE_OBJC_WEAK = YES;
				CLANG_WARN_BLOCK_CAPTURE_AUTORELEASING = YES;
				CLANG_WARN_BOOL_CONVERSION = YES;
				CLANG_WARN_COMMA = YES;
				CLANG_WARN_CONSTANT_CONVERSION = YES;
				CLANG_WARN_DEPRECATED_OBJC_IMPLEMENTATIONS = YES;
				CLANG_WARN_DIRECT_OBJC_ISA_USAGE = YES_ERROR;
				CLANG_WARN_DOCUMENTATION_COMMENTS = YES;
				CLANG_WARN_EMPTY_BODY = YES;
				CLANG_WARN_ENUM_CONVERSION = YES;
				CLANG_WARN_INFINITE_RECURSION = YES;
				CLANG_WARN_INT_CONVERSION = YES;
				CLANG_WARN_NON_LITERAL_NULL_CONVERSION = YES;
				CLANG_WARN_OBJC_IMPLICIT_RETAIN_SELF = YES;
				CLANG_WARN_OBJC_LITERAL_CONVERSION = YES;
				CLANG_WARN_OBJC_ROOT_CLASS = YES_ERROR;
				CLANG_WARN_RANGE_LOOP_ANALYSIS = YES;
				CLANG_WARN_STRICT_PROTOTYPES = YES;
				CLANG_WARN_SUSPICIOUS_MOVE = YES;
				CLANG_WARN_UNGUARDED_AVAILABILITY = YES_AGGRESSIVE;
				CLANG_WARN_UNREACHABLE_CODE = YES;
				CLANG_WARN__DUPLICATE_METHOD_MATCH = YES;
				CODE_SIGN_IDENTITY = "iPhone Developer";
				COPY_PHASE_STRIP = NO;
				DEBUG_INFORMATION_FORMAT = "dwarf-with-dsym";
				ENABLE_NS_ASSERTIONS = NO;
				ENABLE_STRICT_OBJC_MSGSEND = YES;
				GCC_C_LANGUAGE_STANDARD = gnu11;
				GCC_NO_COMMON_BLOCKS = YES;
				GCC_WARN_64_TO_32_BIT_CONVERSION = YES;
				GCC_WARN_ABOUT_RETURN_TYPE = YES_ERROR;
				GCC_WARN_UNDECLARED_SELECTOR = YES;
				GCC_WARN_UNINITIALIZED_AUTOS = YES_AGGRESSIVE;
				GCC_WARN_UNUSED_FUNCTION = YES;
				GCC_WARN_UNUSED_VARIABLE = YES;
				IPHONEOS_DEPLOYMENT_TARGET = 12.0;
				MTL_ENABLE_DEBUG_INFO = NO;
				MTL_FAST_MATH = YES;
				SDKROOT = iphoneos;
				SWIFT_COMPILATION_MODE = wholemodule;
				SWIFT_OPTIMIZATION_LEVEL = "-O";
				VALIDATE_PRODUCT = YES;
			};
			name = Release;
		};
		E20DEF17216775E000CA492E /* Debug */ = {
			isa = XCBuildConfiguration;
			baseConfigurationReference = 0C947F0E8598D25CFF817CBF /* Pods-ReEncryptHealth.debug.xcconfig */;
			buildSettings = {
				ASSETCATALOG_COMPILER_APPICON_NAME = AppIcon;
				CODE_SIGN_ENTITLEMENTS = ReEncryptHealth/ReEncryptHealth.entitlements;
				CODE_SIGN_STYLE = Automatic;
				DEVELOPMENT_TEAM = 8DB897QKJA;
				INFOPLIST_FILE = ReEncryptHealth/Info.plist;
				LD_RUNPATH_SEARCH_PATHS = (
					"$(inherited)",
					"@executable_path/Frameworks",
				);
				PRODUCT_BUNDLE_IDENTIFIER = com.baldyash.ReEncryptHealth;
				PRODUCT_NAME = "$(TARGET_NAME)";
				SWIFT_VERSION = 4.2;
				TARGETED_DEVICE_FAMILY = "1,2";
			};
			name = Debug;
		};
		E20DEF18216775E000CA492E /* Release */ = {
			isa = XCBuildConfiguration;
			baseConfigurationReference = CDAA7F788D507AD49E8819F8 /* Pods-ReEncryptHealth.release.xcconfig */;
			buildSettings = {
				ASSETCATALOG_COMPILER_APPICON_NAME = AppIcon;
				CODE_SIGN_ENTITLEMENTS = ReEncryptHealth/ReEncryptHealth.entitlements;
				CODE_SIGN_STYLE = Automatic;
				DEVELOPMENT_TEAM = 8DB897QKJA;
				INFOPLIST_FILE = ReEncryptHealth/Info.plist;
				LD_RUNPATH_SEARCH_PATHS = (
					"$(inherited)",
					"@executable_path/Frameworks",
				);
				PRODUCT_BUNDLE_IDENTIFIER = com.baldyash.ReEncryptHealth;
				PRODUCT_NAME = "$(TARGET_NAME)";
				SWIFT_VERSION = 4.2;
				TARGETED_DEVICE_FAMILY = "1,2";
			};
			name = Release;
		};
/* End XCBuildConfiguration section */

/* Begin XCConfigurationList section */
		E20DEEFF216775DE00CA492E /* Build configuration list for PBXProject "ReEncryptHealth" */ = {
			isa = XCConfigurationList;
			buildConfigurations = (
				E20DEF14216775E000CA492E /* Debug */,
				E20DEF15216775E000CA492E /* Release */,
			);
			defaultConfigurationIsVisible = 0;
			defaultConfigurationName = Release;
		};
		E20DEF16216775E000CA492E /* Build configuration list for PBXNativeTarget "ReEncryptHealth" */ = {
			isa = XCConfigurationList;
			buildConfigurations = (
				E20DEF17216775E000CA492E /* Debug */,
				E20DEF18216775E000CA492E /* Release */,
			);
			defaultConfigurationIsVisible = 0;
			defaultConfigurationName = Release;
		};
/* End XCConfigurationList section */
	};
	rootObject = E20DEEFC216775DE00CA492E /* Project object */;
}
